
Microsoft Visual Studio Solution File, Format Version 12.00
# Visual Studio Version 16
VisualStudioVersion = 16.0.29519.181
MinimumVisualStudioVersion = 10.0.40219.1
Project("{FAE04EC0-301F-11D3-BF4B-00C04F79EFBC}") = "lab3", "lab3\lab3.csproj", "{2575807A-7833-459C-8F7E-3B6B004CCF7C}"
EndProject
Global
	GlobalSection(SolutionConfigurationPlatforms) = preSolution
		Debug|Any CPU = Debug|Any CPU
		Release|Any CPU = Release|Any CPU
	EndGlobalSection
	GlobalSection(ProjectConfigurationPlatforms) = postSolution
		{2575807A-7833-459C-8F7E-3B6B004CCF7C}.Debug|Any CPU.ActiveCfg = Debug|Any CPU
		{2575807A-7833-459C-8F7E-3B6B004CCF7C}.Debug|Any CPU.Build.0 = Debug|Any CPU
		{2575807A-7833-459C-8F7E-3B6B004CCF7C}.Release|Any CPU.ActiveCfg = Release|Any CPU
		{2575807A-7833-459C-8F7E-3B6B004CCF7C}.Release|Any CPU.Build.0 = Release|Any CPU
	EndGlobalSection
	GlobalSection(SolutionProperties) = preSolution
		HideSolutionNode = FALSE
	EndGlobalSection
	GlobalSection(ExtensibilityGlobals) = postSolution
		SolutionGuid = {00C686CE-7A4C-4572-86E3-4D59E3135F7C}
	EndGlobalSection
EndGlobal
